
Microsoft Visual Studio Solution File, Format Version 12.00
# Visual Studio 15
Project("{FAE04EC0-301F-11D3-BF4B-00C04F79EFBC}") = "fyp_hololens_unity", "Assembly-CSharp.csproj", "{61B5BD86-E5EA-5ED6-BE41-51AE7DCC1EE0}"
EndProject
Project("{FAE04EC0-301F-11D3-BF4B-00C04F79EFBC}") = "fyp_hololens_unity", "Assembly-CSharp-Editor.csproj", "{C3D1DBA4-B802-9857-BF0C-7A387D0A2C4F}"
EndProject
Global
	GlobalSection(SolutionConfigurationPlatforms) = preSolution
		Debug|Any CPU = Debug|Any CPU
		Release|Any CPU = Release|Any CPU
	EndGlobalSection
	GlobalSection(ProjectConfigurationPlatforms) = postSolution
		{61B5BD86-E5EA-5ED6-BE41-51AE7DCC1EE0}.Debug|Any CPU.ActiveCfg = Debug|Any CPU
		{61B5BD86-E5EA-5ED6-BE41-51AE7DCC1EE0}.Debug|Any CPU.Build.0 = Debug|Any CPU
		{61B5BD86-E5EA-5ED6-BE41-51AE7DCC1EE0}.Release|Any CPU.ActiveCfg = Release|Any CPU
		{61B5BD86-E5EA-5ED6-BE41-51AE7DCC1EE0}.Release|Any CPU.Build.0 = Release|Any CPU
		{C3D1DBA4-B802-9857-BF0C-7A387D0A2C4F}.Debug|Any CPU.ActiveCfg = Debug|Any CPU
		{C3D1DBA4-B802-9857-BF0C-7A387D0A2C4F}.Debug|Any CPU.Build.0 = Debug|Any CPU
		{C3D1DBA4-B802-9857-BF0C-7A387D0A2C4F}.Release|Any CPU.ActiveCfg = Release|Any CPU
		{C3D1DBA4-B802-9857-BF0C-7A387D0A2C4F}.Release|Any CPU.Build.0 = Release|Any CPU
	EndGlobalSection
	GlobalSection(SolutionProperties) = preSolution
		HideSolutionNode = FALSE
	EndGlobalSection
EndGlobal
